// !$*UTF8*$!
{
	archiveVersion = 1;
	classes = {
	};
	objectVersion = 46;
	objects = {

/* Begin PBXBuildFile section */
		EFD850A114B9C68300504763 /* sprites.nut in Resources */ = {isa = PBXBuildFile; fileRef = EFD8509F14B9C68300504763 /* sprites.nut */; };
		EFD850A214B9C68300504763 /* test.png in Resources */ = {isa = PBXBuildFile; fileRef = EFD850A014B9C68300504763 /* test.png */; };
		EFEF2D6E14B9A20F00498699 /* UIKit.framework in Frameworks */ = {isa = PBXBuildFile; fileRef = EFEF2D6D14B9A20F00498699 /* UIKit.framework */; };
		EFEF2D7014B9A20F00498699 /* Foundation.framework in Frameworks */ = {isa = PBXBuildFile; fileRef = EFEF2D6F14B9A20F00498699 /* Foundation.framework */; };
		EFEF2D7214B9A20F00498699 /* CoreGraphics.framework in Frameworks */ = {isa = PBXBuildFile; fileRef = EFEF2D7114B9A20F00498699 /* CoreGraphics.framework */; };
		EFEF2D7814B9A20F00498699 /* InfoPlist.strings in Resources */ = {isa = PBXBuildFile; fileRef = EFEF2D7614B9A20F00498699 /* InfoPlist.strings */; };
		EFEF2D7A14B9A20F00498699 /* main.m in Sources */ = {isa = PBXBuildFile; fileRef = EFEF2D7914B9A20F00498699 /* main.m */; };
		EFEF2D7E14B9A20F00498699 /* AppDelegate.m in Sources */ = {isa = PBXBuildFile; fileRef = EFEF2D7D14B9A20F00498699 /* AppDelegate.m */; };
		EFEF2D8714B9A2A300498699 /* MainStoryboard.storyboard in Resources */ = {isa = PBXBuildFile; fileRef = EFEF2D8614B9A2A300498699 /* MainStoryboard.storyboard */; };
		EFEF2D8914B9A37400498699 /* GLKit.framework in Frameworks */ = {isa = PBXBuildFile; fileRef = EFEF2D8814B9A37400498699 /* GLKit.framework */; };
		EFEF2D8F14B9A3E200498699 /* OpenGLES.framework in Frameworks */ = {isa = PBXBuildFile; fileRef = EFEF2D8E14B9A3E200498699 /* OpenGLES.framework */; };
		EFEF2D9214B9A45D00498699 /* EbitenViewController.mm in Sources */ = {isa = PBXBuildFile; fileRef = EFEF2D9114B9A45D00498699 /* EbitenViewController.mm */; };
		EFEF2DDD14B9AFE300498699 /* sqstdaux.cpp in Sources */ = {isa = PBXBuildFile; fileRef = EFEF2DA114B9AFE300498699 /* sqstdaux.cpp */; };
		EFEF2DDF14B9AFE300498699 /* sqstdblob.cpp in Sources */ = {isa = PBXBuildFile; fileRef = EFEF2DA314B9AFE300498699 /* sqstdblob.cpp */; };
		EFEF2DE114B9AFE300498699 /* sqstdio.cpp in Sources */ = {isa = PBXBuildFile; fileRef = EFEF2DA614B9AFE300498699 /* sqstdio.cpp */; };
		EFEF2DE314B9AFE300498699 /* sqstdmath.cpp in Sources */ = {isa = PBXBuildFile; fileRef = EFEF2DA814B9AFE300498699 /* sqstdmath.cpp */; };
		EFEF2DE514B9AFE300498699 /* sqstdrex.cpp in Sources */ = {isa = PBXBuildFile; fileRef = EFEF2DAA14B9AFE300498699 /* sqstdrex.cpp */; };
		EFEF2DE714B9AFE300498699 /* sqstdstream.cpp in Sources */ = {isa = PBXBuildFile; fileRef = EFEF2DAC14B9AFE300498699 /* sqstdstream.cpp */; };
		EFEF2DE914B9AFE300498699 /* sqstdstring.cpp in Sources */ = {isa = PBXBuildFile; fileRef = EFEF2DAF14B9AFE300498699 /* sqstdstring.cpp */; };
		EFEF2DEB14B9AFE300498699 /* sqstdsystem.cpp in Sources */ = {isa = PBXBuildFile; fileRef = EFEF2DB114B9AFE300498699 /* sqstdsystem.cpp */; };
		EFEF2DED14B9AFE300498699 /* sqapi.cpp in Sources */ = {isa = PBXBuildFile; fileRef = EFEF2DB414B9AFE300498699 /* sqapi.cpp */; };
		EFEF2DEF14B9AFE300498699 /* sqbaselib.cpp in Sources */ = {isa = PBXBuildFile; fileRef = EFEF2DB714B9AFE300498699 /* sqbaselib.cpp */; };
		EFEF2DF114B9AFE300498699 /* sqclass.cpp in Sources */ = {isa = PBXBuildFile; fileRef = EFEF2DB914B9AFE300498699 /* sqclass.cpp */; };
		EFEF2DF314B9AFE300498699 /* sqcompiler.cpp in Sources */ = {isa = PBXBuildFile; fileRef = EFEF2DBD14B9AFE300498699 /* sqcompiler.cpp */; };
		EFEF2DF514B9AFE300498699 /* sqdebug.cpp in Sources */ = {isa = PBXBuildFile; fileRef = EFEF2DC014B9AFE300498699 /* sqdebug.cpp */; };
		EFEF2DF714B9AFE300498699 /* sqfuncstate.cpp in Sources */ = {isa = PBXBuildFile; fileRef = EFEF2DC314B9AFE300498699 /* sqfuncstate.cpp */; };
		EFEF2DF914B9AFE300498699 /* sqlexer.cpp in Sources */ = {isa = PBXBuildFile; fileRef = EFEF2DC614B9AFE300498699 /* sqlexer.cpp */; };
		EFEF2DFB14B9AFE300498699 /* sqmem.cpp in Sources */ = {isa = PBXBuildFile; fileRef = EFEF2DC914B9AFE300498699 /* sqmem.cpp */; };
		EFEF2DFD14B9AFE300498699 /* sqobject.cpp in Sources */ = {isa = PBXBuildFile; fileRef = EFEF2DCB14B9AFE300498699 /* sqobject.cpp */; };
		EFEF2DFF14B9AFE300498699 /* sqstate.cpp in Sources */ = {isa = PBXBuildFile; fileRef = EFEF2DD014B9AFE300498699 /* sqstate.cpp */; };
		EFEF2E0114B9AFE300498699 /* sqtable.cpp in Sources */ = {isa = PBXBuildFile; fileRef = EFEF2DD414B9AFE300498699 /* sqtable.cpp */; };
		EFEF2E0314B9AFE300498699 /* sqvm.cpp in Sources */ = {isa = PBXBuildFile; fileRef = EFEF2DD914B9AFE300498699 /* sqvm.cpp */; };
/* End PBXBuildFile section */

/* Begin PBXFileReference section */
		EFD8509F14B9C68300504763 /* sprites.nut */ = {isa = PBXFileReference; fileEncoding = 4; lastKnownFileType = text; path = sprites.nut; sourceTree = "<group>"; };
		EFD850A014B9C68300504763 /* test.png */ = {isa = PBXFileReference; lastKnownFileType = image.png; path = test.png; sourceTree = "<group>"; };
		EFEF2D6914B9A20F00498699 /* Ebiten-iOS.app */ = {isa = PBXFileReference; explicitFileType = wrapper.application; includeInIndex = 0; path = "Ebiten-iOS.app"; sourceTree = BUILT_PRODUCTS_DIR; };
		EFEF2D6D14B9A20F00498699 /* UIKit.framework */ = {isa = PBXFileReference; lastKnownFileType = wrapper.framework; name = UIKit.framework; path = System/Library/Frameworks/UIKit.framework; sourceTree = SDKROOT; };
		EFEF2D6F14B9A20F00498699 /* Foundation.framework */ = {isa = PBXFileReference; lastKnownFileType = wrapper.framework; name = Foundation.framework; path = System/Library/Frameworks/Foundation.framework; sourceTree = SDKROOT; };
		EFEF2D7114B9A20F00498699 /* CoreGraphics.framework */ = {isa = PBXFileReference; lastKnownFileType = wrapper.framework; name = CoreGraphics.framework; path = System/Library/Frameworks/CoreGraphics.framework; sourceTree = SDKROOT; };
		EFEF2D7514B9A20F00498699 /* Ebiten-iOS-Info.plist */ = {isa = PBXFileReference; lastKnownFileType = text.plist.xml; path = "Ebiten-iOS-Info.plist"; sourceTree = "<group>"; };
		EFEF2D7714B9A20F00498699 /* en */ = {isa = PBXFileReference; lastKnownFileType = text.plist.strings; name = en; path = en.lproj/InfoPlist.strings; sourceTree = "<group>"; };
		EFEF2D7914B9A20F00498699 /* main.m */ = {isa = PBXFileReference; lastKnownFileType = sourcecode.c.objc; path = main.m; sourceTree = "<group>"; };
		EFEF2D7B14B9A20F00498699 /* Ebiten-iOS-Prefix.pch */ = {isa = PBXFileReference; lastKnownFileType = sourcecode.c.h; path = "Ebiten-iOS-Prefix.pch"; sourceTree = "<group>"; };
		EFEF2D7C14B9A20F00498699 /* AppDelegate.h */ = {isa = PBXFileReference; lastKnownFileType = sourcecode.c.h; path = AppDelegate.h; sourceTree = "<group>"; };
		EFEF2D7D14B9A20F00498699 /* AppDelegate.m */ = {isa = PBXFileReference; lastKnownFileType = sourcecode.c.objc; path = AppDelegate.m; sourceTree = "<group>"; };
		EFEF2D8614B9A2A300498699 /* MainStoryboard.storyboard */ = {isa = PBXFileReference; fileEncoding = 4; lastKnownFileType = file.storyboard; path = MainStoryboard.storyboard; sourceTree = "<group>"; };
		EFEF2D8814B9A37400498699 /* GLKit.framework */ = {isa = PBXFileReference; lastKnownFileType = wrapper.framework; name = GLKit.framework; path = System/Library/Frameworks/GLKit.framework; sourceTree = SDKROOT; };
		EFEF2D8E14B9A3E200498699 /* OpenGLES.framework */ = {isa = PBXFileReference; lastKnownFileType = wrapper.framework; name = OpenGLES.framework; path = System/Library/Frameworks/OpenGLES.framework; sourceTree = SDKROOT; };
		EFEF2D9014B9A45D00498699 /* EbitenViewController.h */ = {isa = PBXFileReference; fileEncoding = 4; lastKnownFileType = sourcecode.c.h; path = EbitenViewController.h; sourceTree = "<group>"; };
		EFEF2D9114B9A45D00498699 /* EbitenViewController.mm */ = {isa = PBXFileReference; fileEncoding = 4; lastKnownFileType = sourcecode.cpp.objcpp; path = EbitenViewController.mm; sourceTree = "<group>"; };
		EFEF2D9714B9AFE300498699 /* COPYRIGHT */ = {isa = PBXFileReference; fileEncoding = 4; lastKnownFileType = text; path = COPYRIGHT; sourceTree = "<group>"; };
		EFEF2D9A14B9AFE300498699 /* sqstdblob.h */ = {isa = PBXFileReference; fileEncoding = 4; lastKnownFileType = sourcecode.c.h; path = sqstdblob.h; sourceTree = "<group>"; };
		EFEF2D9B14B9AFE300498699 /* sqstdio.h */ = {isa = PBXFileReference; fileEncoding = 4; lastKnownFileType = sourcecode.c.h; path = sqstdio.h; sourceTree = "<group>"; };
		EFEF2D9C14B9AFE300498699 /* sqstdmath.h */ = {isa = PBXFileReference; fileEncoding = 4; lastKnownFileType = sourcecode.c.h; path = sqstdmath.h; sourceTree = "<group>"; };
		EFEF2D9D14B9AFE300498699 /* sqstdstring.h */ = {isa = PBXFileReference; fileEncoding = 4; lastKnownFileType = sourcecode.c.h; path = sqstdstring.h; sourceTree = "<group>"; };
		EFEF2D9E14B9AFE300498699 /* sqstdsystem.h */ = {isa = PBXFileReference; fileEncoding = 4; lastKnownFileType = sourcecode.c.h; path = sqstdsystem.h; sourceTree = "<group>"; };
		EFEF2D9F14B9AFE300498699 /* squirrel.h */ = {isa = PBXFileReference; fileEncoding = 4; lastKnownFileType = sourcecode.c.h; path = squirrel.h; sourceTree = "<group>"; };
		EFEF2DA114B9AFE300498699 /* sqstdaux.cpp */ = {isa = PBXFileReference; fileEncoding = 4; lastKnownFileType = sourcecode.cpp.cpp; path = sqstdaux.cpp; sourceTree = "<group>"; };
		EFEF2DA314B9AFE300498699 /* sqstdblob.cpp */ = {isa = PBXFileReference; fileEncoding = 4; lastKnownFileType = sourcecode.cpp.cpp; path = sqstdblob.cpp; sourceTree = "<group>"; };
		EFEF2DA514B9AFE300498699 /* sqstdblobimpl.h */ = {isa = PBXFileReference; fileEncoding = 4; lastKnownFileType = sourcecode.c.h; path = sqstdblobimpl.h; sourceTree = "<group>"; };
		EFEF2DA614B9AFE300498699 /* sqstdio.cpp */ = {isa = PBXFileReference; fileEncoding = 4; lastKnownFileType = sourcecode.cpp.cpp; path = sqstdio.cpp; sourceTree = "<group>"; };
		EFEF2DA814B9AFE300498699 /* sqstdmath.cpp */ = {isa = PBXFileReference; fileEncoding = 4; lastKnownFileType = sourcecode.cpp.cpp; path = sqstdmath.cpp; sourceTree = "<group>"; };
		EFEF2DAA14B9AFE300498699 /* sqstdrex.cpp */ = {isa = PBXFileReference; fileEncoding = 4; lastKnownFileType = sourcecode.cpp.cpp; path = sqstdrex.cpp; sourceTree = "<group>"; };
		EFEF2DAC14B9AFE300498699 /* sqstdstream.cpp */ = {isa = PBXFileReference; fileEncoding = 4; lastKnownFileType = sourcecode.cpp.cpp; path = sqstdstream.cpp; sourceTree = "<group>"; };
		EFEF2DAD14B9AFE300498699 /* sqstdstream.h */ = {isa = PBXFileReference; fileEncoding = 4; lastKnownFileType = sourcecode.c.h; path = sqstdstream.h; sourceTree = "<group>"; };
		EFEF2DAF14B9AFE300498699 /* sqstdstring.cpp */ = {isa = PBXFileReference; fileEncoding = 4; lastKnownFileType = sourcecode.cpp.cpp; path = sqstdstring.cpp; sourceTree = "<group>"; };
		EFEF2DB114B9AFE300498699 /* sqstdsystem.cpp */ = {isa = PBXFileReference; fileEncoding = 4; lastKnownFileType = sourcecode.cpp.cpp; path = sqstdsystem.cpp; sourceTree = "<group>"; };
		EFEF2DB414B9AFE300498699 /* sqapi.cpp */ = {isa = PBXFileReference; fileEncoding = 4; lastKnownFileType = sourcecode.cpp.cpp; path = sqapi.cpp; sourceTree = "<group>"; };
		EFEF2DB614B9AFE300498699 /* sqarray.h */ = {isa = PBXFileReference; fileEncoding = 4; lastKnownFileType = sourcecode.c.h; path = sqarray.h; sourceTree = "<group>"; };
		EFEF2DB714B9AFE300498699 /* sqbaselib.cpp */ = {isa = PBXFileReference; fileEncoding = 4; lastKnownFileType = sourcecode.cpp.cpp; path = sqbaselib.cpp; sourceTree = "<group>"; };
		EFEF2DB914B9AFE300498699 /* sqclass.cpp */ = {isa = PBXFileReference; fileEncoding = 4; lastKnownFileType = sourcecode.cpp.cpp; path = sqclass.cpp; sourceTree = "<group>"; };
		EFEF2DBA14B9AFE300498699 /* sqclass.h */ = {isa = PBXFileReference; fileEncoding = 4; lastKnownFileType = sourcecode.c.h; path = sqclass.h; sourceTree = "<group>"; };
		EFEF2DBC14B9AFE300498699 /* sqclosure.h */ = {isa = PBXFileReference; fileEncoding = 4; lastKnownFileType = sourcecode.c.h; path = sqclosure.h; sourceTree = "<group>"; };
		EFEF2DBD14B9AFE300498699 /* sqcompiler.cpp */ = {isa = PBXFileReference; fileEncoding = 4; lastKnownFileType = sourcecode.cpp.cpp; path = sqcompiler.cpp; sourceTree = "<group>"; };
		EFEF2DBE14B9AFE300498699 /* sqcompiler.h */ = {isa = PBXFileReference; fileEncoding = 4; lastKnownFileType = sourcecode.c.h; path = sqcompiler.h; sourceTree = "<group>"; };
		EFEF2DC014B9AFE300498699 /* sqdebug.cpp */ = {isa = PBXFileReference; fileEncoding = 4; lastKnownFileType = sourcecode.cpp.cpp; path = sqdebug.cpp; sourceTree = "<group>"; };
		EFEF2DC214B9AFE300498699 /* sqfuncproto.h */ = {isa = PBXFileReference; fileEncoding = 4; lastKnownFileType = sourcecode.c.h; path = sqfuncproto.h; sourceTree = "<group>"; };
		EFEF2DC314B9AFE300498699 /* sqfuncstate.cpp */ = {isa = PBXFileReference; fileEncoding = 4; lastKnownFileType = sourcecode.cpp.cpp; path = sqfuncstate.cpp; sourceTree = "<group>"; };
		EFEF2DC414B9AFE300498699 /* sqfuncstate.h */ = {isa = PBXFileReference; fileEncoding = 4; lastKnownFileType = sourcecode.c.h; path = sqfuncstate.h; sourceTree = "<group>"; };
		EFEF2DC614B9AFE300498699 /* sqlexer.cpp */ = {isa = PBXFileReference; fileEncoding = 4; lastKnownFileType = sourcecode.cpp.cpp; path = sqlexer.cpp; sourceTree = "<group>"; };
		EFEF2DC714B9AFE300498699 /* sqlexer.h */ = {isa = PBXFileReference; fileEncoding = 4; lastKnownFileType = sourcecode.c.h; path = sqlexer.h; sourceTree = "<group>"; };
		EFEF2DC914B9AFE300498699 /* sqmem.cpp */ = {isa = PBXFileReference; fileEncoding = 4; lastKnownFileType = sourcecode.cpp.cpp; path = sqmem.cpp; sourceTree = "<group>"; };
		EFEF2DCB14B9AFE300498699 /* sqobject.cpp */ = {isa = PBXFileReference; fileEncoding = 4; lastKnownFileType = sourcecode.cpp.cpp; path = sqobject.cpp; sourceTree = "<group>"; };
		EFEF2DCC14B9AFE300498699 /* sqobject.h */ = {isa = PBXFileReference; fileEncoding = 4; lastKnownFileType = sourcecode.c.h; path = sqobject.h; sourceTree = "<group>"; };
		EFEF2DCE14B9AFE300498699 /* sqopcodes.h */ = {isa = PBXFileReference; fileEncoding = 4; lastKnownFileType = sourcecode.c.h; path = sqopcodes.h; sourceTree = "<group>"; };
		EFEF2DCF14B9AFE300498699 /* sqpcheader.h */ = {isa = PBXFileReference; fileEncoding = 4; lastKnownFileType = sourcecode.c.h; path = sqpcheader.h; sourceTree = "<group>"; };
		EFEF2DD014B9AFE300498699 /* sqstate.cpp */ = {isa = PBXFileReference; fileEncoding = 4; lastKnownFileType = sourcecode.cpp.cpp; path = sqstate.cpp; sourceTree = "<group>"; };
		EFEF2DD114B9AFE300498699 /* sqstate.h */ = {isa = PBXFileReference; fileEncoding = 4; lastKnownFileType = sourcecode.c.h; path = sqstate.h; sourceTree = "<group>"; };
		EFEF2DD314B9AFE300498699 /* sqstring.h */ = {isa = PBXFileReference; fileEncoding = 4; lastKnownFileType = sourcecode.c.h; path = sqstring.h; sourceTree = "<group>"; };
		EFEF2DD414B9AFE300498699 /* sqtable.cpp */ = {isa = PBXFileReference; fileEncoding = 4; lastKnownFileType = sourcecode.cpp.cpp; path = sqtable.cpp; sourceTree = "<group>"; };
		EFEF2DD514B9AFE300498699 /* sqtable.h */ = {isa = PBXFileReference; fileEncoding = 4; lastKnownFileType = sourcecode.c.h; path = sqtable.h; sourceTree = "<group>"; };
		EFEF2DD714B9AFE300498699 /* squserdata.h */ = {isa = PBXFileReference; fileEncoding = 4; lastKnownFileType = sourcecode.c.h; path = squserdata.h; sourceTree = "<group>"; };
		EFEF2DD814B9AFE300498699 /* squtils.h */ = {isa = PBXFileReference; fileEncoding = 4; lastKnownFileType = sourcecode.c.h; path = squtils.h; sourceTree = "<group>"; };
		EFEF2DD914B9AFE300498699 /* sqvm.cpp */ = {isa = PBXFileReference; fileEncoding = 4; lastKnownFileType = sourcecode.cpp.cpp; path = sqvm.cpp; sourceTree = "<group>"; };
		EFEF2DDA14B9AFE300498699 /* sqvm.h */ = {isa = PBXFileReference; fileEncoding = 4; lastKnownFileType = sourcecode.c.h; path = sqvm.h; sourceTree = "<group>"; };
		EFEF2E0714B9B1EE00498699 /* sqstdaux.h */ = {isa = PBXFileReference; lastKnownFileType = sourcecode.c.h; path = sqstdaux.h; sourceTree = "<group>"; };
/* End PBXFileReference section */

/* Begin PBXFrameworksBuildPhase section */
		EFEF2D6614B9A20F00498699 /* Frameworks */ = {
			isa = PBXFrameworksBuildPhase;
			buildActionMask = 2147483647;
			files = (
				EFEF2D8F14B9A3E200498699 /* OpenGLES.framework in Frameworks */,
				EFEF2D8914B9A37400498699 /* GLKit.framework in Frameworks */,
				EFEF2D6E14B9A20F00498699 /* UIKit.framework in Frameworks */,
				EFEF2D7014B9A20F00498699 /* Foundation.framework in Frameworks */,
				EFEF2D7214B9A20F00498699 /* CoreGraphics.framework in Frameworks */,
			);
			runOnlyForDeploymentPostprocessing = 0;
		};
/* End PBXFrameworksBuildPhase section */

/* Begin PBXGroup section */
		EFD8509E14B9C68300504763 /* resources */ = {
			isa = PBXGroup;
			children = (
				EFD8509F14B9C68300504763 /* sprites.nut */,
				EFD850A014B9C68300504763 /* test.png */,
			);
			name = resources;
			path = ../resources;
			sourceTree = "<group>";
		};
		EFEF2D5E14B9A20F00498699 = {
			isa = PBXGroup;
			children = (
				EFEF2D7314B9A20F00498699 /* Ebiten-iOS */,
				EFEF2D6C14B9A20F00498699 /* Frameworks */,
				EFEF2D6A14B9A20F00498699 /* Products */,
				EFD8509E14B9C68300504763 /* resources */,
				EFEF2D9614B9AFE300498699 /* squirrel-3.0.2 */,
			);
			sourceTree = "<group>";
		};
		EFEF2D6A14B9A20F00498699 /* Products */ = {
			isa = PBXGroup;
			children = (
				EFEF2D6914B9A20F00498699 /* Ebiten-iOS.app */,
			);
			name = Products;
			sourceTree = "<group>";
		};
		EFEF2D6C14B9A20F00498699 /* Frameworks */ = {
			isa = PBXGroup;
			children = (
				EFEF2D7114B9A20F00498699 /* CoreGraphics.framework */,
				EFEF2D6F14B9A20F00498699 /* Foundation.framework */,
				EFEF2D8814B9A37400498699 /* GLKit.framework */,
				EFEF2D8E14B9A3E200498699 /* OpenGLES.framework */,
				EFEF2D6D14B9A20F00498699 /* UIKit.framework */,
			);
			name = Frameworks;
			sourceTree = "<group>";
		};
		EFEF2D7314B9A20F00498699 /* Ebiten-iOS */ = {
			isa = PBXGroup;
			children = (
				EFEF2D8614B9A2A300498699 /* MainStoryboard.storyboard */,
				EFEF2D9014B9A45D00498699 /* EbitenViewController.h */,
				EFEF2D9114B9A45D00498699 /* EbitenViewController.mm */,
				EFEF2D7C14B9A20F00498699 /* AppDelegate.h */,
				EFEF2D7D14B9A20F00498699 /* AppDelegate.m */,
				EFEF2D7414B9A20F00498699 /* Supporting Files */,
			);
			path = "Ebiten-iOS";
			sourceTree = "<group>";
		};
		EFEF2D7414B9A20F00498699 /* Supporting Files */ = {
			isa = PBXGroup;
			children = (
				EFEF2D7514B9A20F00498699 /* Ebiten-iOS-Info.plist */,
				EFEF2D7614B9A20F00498699 /* InfoPlist.strings */,
				EFEF2D7914B9A20F00498699 /* main.m */,
				EFEF2D7B14B9A20F00498699 /* Ebiten-iOS-Prefix.pch */,
			);
			name = "Supporting Files";
			sourceTree = "<group>";
		};
		EFEF2D9614B9AFE300498699 /* squirrel-3.0.2 */ = {
			isa = PBXGroup;
			children = (
				EFEF2D9714B9AFE300498699 /* COPYRIGHT */,
				EFEF2D9814B9AFE300498699 /* include */,
				EFEF2DA014B9AFE300498699 /* sqstdlib */,
				EFEF2DB314B9AFE300498699 /* squirrel */,
			);
			name = "squirrel-3.0.2";
			path = "../../third_party/squirrel-3.0.2";
			sourceTree = "<group>";
		};
		EFEF2D9814B9AFE300498699 /* include */ = {
			isa = PBXGroup;
			children = (
				EFEF2E0714B9B1EE00498699 /* sqstdaux.h */,
				EFEF2D9A14B9AFE300498699 /* sqstdblob.h */,
				EFEF2D9B14B9AFE300498699 /* sqstdio.h */,
				EFEF2D9C14B9AFE300498699 /* sqstdmath.h */,
				EFEF2D9D14B9AFE300498699 /* sqstdstring.h */,
				EFEF2D9E14B9AFE300498699 /* sqstdsystem.h */,
				EFEF2D9F14B9AFE300498699 /* squirrel.h */,
			);
			path = include;
			sourceTree = "<group>";
		};
		EFEF2DA014B9AFE300498699 /* sqstdlib */ = {
			isa = PBXGroup;
			children = (
				EFEF2DA114B9AFE300498699 /* sqstdaux.cpp */,
				EFEF2DA314B9AFE300498699 /* sqstdblob.cpp */,
				EFEF2DA514B9AFE300498699 /* sqstdblobimpl.h */,
				EFEF2DA614B9AFE300498699 /* sqstdio.cpp */,
				EFEF2DA814B9AFE300498699 /* sqstdmath.cpp */,
				EFEF2DAA14B9AFE300498699 /* sqstdrex.cpp */,
				EFEF2DAC14B9AFE300498699 /* sqstdstream.cpp */,
				EFEF2DAD14B9AFE300498699 /* sqstdstream.h */,
				EFEF2DAF14B9AFE300498699 /* sqstdstring.cpp */,
				EFEF2DB114B9AFE300498699 /* sqstdsystem.cpp */,
			);
			path = sqstdlib;
			sourceTree = "<group>";
		};
		EFEF2DB314B9AFE300498699 /* squirrel */ = {
			isa = PBXGroup;
			children = (
				EFEF2DB414B9AFE300498699 /* sqapi.cpp */,
				EFEF2DB614B9AFE300498699 /* sqarray.h */,
				EFEF2DB714B9AFE300498699 /* sqbaselib.cpp */,
				EFEF2DB914B9AFE300498699 /* sqclass.cpp */,
				EFEF2DBA14B9AFE300498699 /* sqclass.h */,
				EFEF2DBC14B9AFE300498699 /* sqclosure.h */,
				EFEF2DBD14B9AFE300498699 /* sqcompiler.cpp */,
				EFEF2DBE14B9AFE300498699 /* sqcompiler.h */,
				EFEF2DC014B9AFE300498699 /* sqdebug.cpp */,
				EFEF2DC214B9AFE300498699 /* sqfuncproto.h */,
				EFEF2DC314B9AFE300498699 /* sqfuncstate.cpp */,
				EFEF2DC414B9AFE300498699 /* sqfuncstate.h */,
				EFEF2DC614B9AFE300498699 /* sqlexer.cpp */,
				EFEF2DC714B9AFE300498699 /* sqlexer.h */,
				EFEF2DC914B9AFE300498699 /* sqmem.cpp */,
				EFEF2DCB14B9AFE300498699 /* sqobject.cpp */,
				EFEF2DCC14B9AFE300498699 /* sqobject.h */,
				EFEF2DCE14B9AFE300498699 /* sqopcodes.h */,
				EFEF2DCF14B9AFE300498699 /* sqpcheader.h */,
				EFEF2DD014B9AFE300498699 /* sqstate.cpp */,
				EFEF2DD114B9AFE300498699 /* sqstate.h */,
				EFEF2DD314B9AFE300498699 /* sqstring.h */,
				EFEF2DD414B9AFE300498699 /* sqtable.cpp */,
				EFEF2DD514B9AFE300498699 /* sqtable.h */,
				EFEF2DD714B9AFE300498699 /* squserdata.h */,
				EFEF2DD814B9AFE300498699 /* squtils.h */,
				EFEF2DD914B9AFE300498699 /* sqvm.cpp */,
				EFEF2DDA14B9AFE300498699 /* sqvm.h */,
			);
			path = squirrel;
			sourceTree = "<group>";
		};
/* End PBXGroup section */

/* Begin PBXNativeTarget section */
		EFEF2D6814B9A20F00498699 /* Ebiten-iOS */ = {
			isa = PBXNativeTarget;
			buildConfigurationList = EFEF2D8114B9A20F00498699 /* Build configuration list for PBXNativeTarget "Ebiten-iOS" */;
			buildPhases = (
				EFEF2D6514B9A20F00498699 /* Sources */,
				EFEF2D6614B9A20F00498699 /* Frameworks */,
				EFEF2D6714B9A20F00498699 /* Resources */,
			);
			buildRules = (
			);
			dependencies = (
			);
			name = "Ebiten-iOS";
			productName = "Ebiten-iOS";
			productReference = EFEF2D6914B9A20F00498699 /* Ebiten-iOS.app */;
			productType = "com.apple.product-type.application";
		};
/* End PBXNativeTarget section */

/* Begin PBXProject section */
		EFEF2D6014B9A20F00498699 /* Project object */ = {
			isa = PBXProject;
			attributes = {
				LastUpgradeCheck = 0420;
			};
			buildConfigurationList = EFEF2D6314B9A20F00498699 /* Build configuration list for PBXProject "Ebiten-iOS" */;
			compatibilityVersion = "Xcode 3.2";
			developmentRegion = English;
			hasScannedForEncodings = 0;
			knownRegions = (
				en,
			);
			mainGroup = EFEF2D5E14B9A20F00498699;
			productRefGroup = EFEF2D6A14B9A20F00498699 /* Products */;
			projectDirPath = "";
			projectRoot = "";
			targets = (
				EFEF2D6814B9A20F00498699 /* Ebiten-iOS */,
			);
		};
/* End PBXProject section */

/* Begin PBXResourcesBuildPhase section */
		EFEF2D6714B9A20F00498699 /* Resources */ = {
			isa = PBXResourcesBuildPhase;
			buildActionMask = 2147483647;
			files = (
				EFEF2D7814B9A20F00498699 /* InfoPlist.strings in Resources */,
				EFEF2D8714B9A2A300498699 /* MainStoryboard.storyboard in Resources */,
				EFD850A114B9C68300504763 /* sprites.nut in Resources */,
				EFD850A214B9C68300504763 /* test.png in Resources */,
			);
			runOnlyForDeploymentPostprocessing = 0;
		};
/* End PBXResourcesBuildPhase section */

/* Begin PBXSourcesBuildPhase section */
		EFEF2D6514B9A20F00498699 /* Sources */ = {
			isa = PBXSourcesBuildPhase;
			buildActionMask = 2147483647;
			files = (
				EFEF2D7A14B9A20F00498699 /* main.m in Sources */,
				EFEF2D7E14B9A20F00498699 /* AppDelegate.m in Sources */,
				EFEF2D9214B9A45D00498699 /* EbitenViewController.mm in Sources */,
				EFEF2DDD14B9AFE300498699 /* sqstdaux.cpp in Sources */,
				EFEF2DDF14B9AFE300498699 /* sqstdblob.cpp in Sources */,
				EFEF2DE114B9AFE300498699 /* sqstdio.cpp in Sources */,
				EFEF2DE314B9AFE300498699 /* sqstdmath.cpp in Sources */,
				EFEF2DE514B9AFE300498699 /* sqstdrex.cpp in Sources */,
				EFEF2DE714B9AFE300498699 /* sqstdstream.cpp in Sources */,
				EFEF2DE914B9AFE300498699 /* sqstdstring.cpp in Sources */,
				EFEF2DEB14B9AFE300498699 /* sqstdsystem.cpp in Sources */,
				EFEF2DED14B9AFE300498699 /* sqapi.cpp in Sources */,
				EFEF2DEF14B9AFE300498699 /* sqbaselib.cpp in Sources */,
				EFEF2DF114B9AFE300498699 /* sqclass.cpp in Sources */,
				EFEF2DF314B9AFE300498699 /* sqcompiler.cpp in Sources */,
				EFEF2DF514B9AFE300498699 /* sqdebug.cpp in Sources */,
				EFEF2DF714B9AFE300498699 /* sqfuncstate.cpp in Sources */,
				EFEF2DF914B9AFE300498699 /* sqlexer.cpp in Sources */,
				EFEF2DFB14B9AFE300498699 /* sqmem.cpp in Sources */,
				EFEF2DFD14B9AFE300498699 /* sqobject.cpp in Sources */,
				EFEF2DFF14B9AFE300498699 /* sqstate.cpp in Sources */,
				EFEF2E0114B9AFE300498699 /* sqtable.cpp in Sources */,
				EFEF2E0314B9AFE300498699 /* sqvm.cpp in Sources */,
			);
			runOnlyForDeploymentPostprocessing = 0;
		};
/* End PBXSourcesBuildPhase section */

/* Begin PBXVariantGroup section */
		EFEF2D7614B9A20F00498699 /* InfoPlist.strings */ = {
			isa = PBXVariantGroup;
			children = (
				EFEF2D7714B9A20F00498699 /* en */,
			);
			name = InfoPlist.strings;
			sourceTree = "<group>";
		};
/* End PBXVariantGroup section */

/* Begin XCBuildConfiguration section */
		EFEF2D7F14B9A20F00498699 /* Debug */ = {
			isa = XCBuildConfiguration;
			buildSettings = {
				ALWAYS_SEARCH_USER_PATHS = NO;
				ARCHS = "$(ARCHS_STANDARD_32_BIT)";
				CLANG_ENABLE_OBJC_ARC = YES;
				"CODE_SIGN_IDENTITY[sdk=iphoneos*]" = "iPhone Developer";
				COPY_PHASE_STRIP = NO;
				GCC_C_LANGUAGE_STANDARD = gnu99;
				GCC_DYNAMIC_NO_PIC = NO;
				GCC_OPTIMIZATION_LEVEL = 0;
				GCC_PREPROCESSOR_DEFINITIONS = (
					"DEBUG=1",
					"$(inherited)",
				);
				GCC_SYMBOLS_PRIVATE_EXTERN = NO;
				GCC_VERSION = com.apple.compilers.llvm.clang.1_0;
				GCC_WARN_ABOUT_MISSING_PROTOTYPES = YES;
				GCC_WARN_ABOUT_RETURN_TYPE = YES;
				GCC_WARN_UNUSED_VARIABLE = YES;
				IPHONEOS_DEPLOYMENT_TARGET = 5.0;
				SDKROOT = iphoneos;
			};
			name = Debug;
		};
		EFEF2D8014B9A20F00498699 /* Release */ = {
			isa = XCBuildConfiguration;
			buildSettings = {
				ALWAYS_SEARCH_USER_PATHS = NO;
				ARCHS = "$(ARCHS_STANDARD_32_BIT)";
				CLANG_ENABLE_OBJC_ARC = YES;
				"CODE_SIGN_IDENTITY[sdk=iphoneos*]" = "iPhone Developer";
				COPY_PHASE_STRIP = YES;
				GCC_C_LANGUAGE_STANDARD = gnu99;
				GCC_VERSION = com.apple.compilers.llvm.clang.1_0;
				GCC_WARN_ABOUT_MISSING_PROTOTYPES = YES;
				GCC_WARN_ABOUT_RETURN_TYPE = YES;
				GCC_WARN_UNUSED_VARIABLE = YES;
				IPHONEOS_DEPLOYMENT_TARGET = 5.0;
				OTHER_CFLAGS = "-DNS_BLOCK_ASSERTIONS=1";
				SDKROOT = iphoneos;
				VALIDATE_PRODUCT = YES;
			};
			name = Release;
		};
		EFEF2D8214B9A20F00498699 /* Debug */ = {
			isa = XCBuildConfiguration;
			buildSettings = {
				CLANG_CXX_LANGUAGE_STANDARD = "c++0x";
				CLANG_CXX_LIBRARY = "libc++";
				GCC_PRECOMPILE_PREFIX_HEADER = YES;
				GCC_PREFIX_HEADER = "Ebiten-iOS/Ebiten-iOS-Prefix.pch";
				GCC_WARN_ABOUT_MISSING_PROTOTYPES = NO;
				HEADER_SEARCH_PATHS = "../../third_party/squirrel-3.0.2/include";
				INFOPLIST_FILE = "Ebiten-iOS/Ebiten-iOS-Info.plist";
				PRODUCT_NAME = "$(TARGET_NAME)";
				USER_HEADER_SEARCH_PATHS = ../../include;
				WRAPPER_EXTENSION = app;
			};
			name = Debug;
		};
		EFEF2D8314B9A20F00498699 /* Release */ = {
			isa = XCBuildConfiguration;
			buildSettings = {
				CLANG_CXX_LANGUAGE_STANDARD = "c++0x";
				CLANG_CXX_LIBRARY = "libc++";
				GCC_PRECOMPILE_PREFIX_HEADER = YES;
				GCC_PREFIX_HEADER = "Ebiten-iOS/Ebiten-iOS-Prefix.pch";
				GCC_WARN_ABOUT_MISSING_PROTOTYPES = NO;
				HEADER_SEARCH_PATHS = "../../third_party/squirrel-3.0.2/include";
				INFOPLIST_FILE = "Ebiten-iOS/Ebiten-iOS-Info.plist";
				PRODUCT_NAME = "$(TARGET_NAME)";
				USER_HEADER_SEARCH_PATHS = ../../include;
				WRAPPER_EXTENSION = app;
			};
			name = Release;
		};
/* End XCBuildConfiguration section */

/* Begin XCConfigurationList section */
		EFEF2D6314B9A20F00498699 /* Build configuration list for PBXProject "Ebiten-iOS" */ = {
			isa = XCConfigurationList;
			buildConfigurations = (
				EFEF2D7F14B9A20F00498699 /* Debug */,
				EFEF2D8014B9A20F00498699 /* Release */,
			);
			defaultConfigurationIsVisible = 0;
			defaultConfigurationName = Release;
		};
		EFEF2D8114B9A20F00498699 /* Build configuration list for PBXNativeTarget "Ebiten-iOS" */ = {
			isa = XCConfigurationList;
			buildConfigurations = (
				EFEF2D8214B9A20F00498699 /* Debug */,
				EFEF2D8314B9A20F00498699 /* Release */,
			);
			defaultConfigurationIsVisible = 0;
			defaultConfigurationName = Release;
		};
/* End XCConfigurationList section */
	};
	rootObject = EFEF2D6014B9A20F00498699 /* Project object */;
}
